
Microsoft Visual Studio Solution File, Format Version 12.00
# Visual Studio Version 17
VisualStudioVersion = 17.5.33424.131
MinimumVisualStudioVersion = 10.0.40219.1
Project("{FAE04EC0-301F-11D3-BF4B-00C04F79EFBC}") = "DiaryBot", "DiaryBot\DiaryBot.csproj", "{9C843D82-01BA-490C-B13E-3DCC4D0362A6}"
EndProject
Project("{FAE04EC0-301F-11D3-BF4B-00C04F79EFBC}") = "DiaryBot.Database", "DiaryBot.Database\DiaryBot.Database.csproj", "{DC46CE46-5C88-48BB-994B-861C94B9339E}"
EndProject
Global
	GlobalSection(SolutionConfigurationPlatforms) = preSolution
		Debug|Any CPU = Debug|Any CPU
		Release|Any CPU = Release|Any CPU
	EndGlobalSection
	GlobalSection(ProjectConfigurationPlatforms) = postSolution
		{9C843D82-01BA-490C-B13E-3DCC4D0362A6}.Debug|Any CPU.ActiveCfg = Debug|Any CPU
		{9C843D82-01BA-490C-B13E-3DCC4D0362A6}.Debug|Any CPU.Build.0 = Debug|Any CPU
		{9C843D82-01BA-490C-B13E-3DCC4D0362A6}.Release|Any CPU.ActiveCfg = Release|Any CPU
		{9C843D82-01BA-490C-B13E-3DCC4D0362A6}.Release|Any CPU.Build.0 = Release|Any CPU
		{DC46CE46-5C88-48BB-994B-861C94B9339E}.Debug|Any CPU.ActiveCfg = Debug|Any CPU
		{DC46CE46-5C88-48BB-994B-861C94B9339E}.Debug|Any CPU.Build.0 = Debug|Any CPU
		{DC46CE46-5C88-48BB-994B-861C94B9339E}.Release|Any CPU.ActiveCfg = Release|Any CPU
		{DC46CE46-5C88-48BB-994B-861C94B9339E}.Release|Any CPU.Build.0 = Release|Any CPU
	EndGlobalSection
	GlobalSection(SolutionProperties) = preSolution
		HideSolutionNode = FALSE
	EndGlobalSection
	GlobalSection(ExtensibilityGlobals) = postSolution
		SolutionGuid = {2B62B50F-FA0D-4703-8F14-564894A79E47}
	EndGlobalSection
EndGlobal
